
Microsoft Visual Studio Solution File, Format Version 12.00
# Visual Studio Version 16
VisualStudioVersion = 16.0.31005.135
MinimumVisualStudioVersion = 10.0.40219.1
Project("{FAE04EC0-301F-11D3-BF4B-00C04F79EFBC}") = "wv-2019-github-user-experience", "wv-2019-github-user-experience.csproj", "{C8BDFD35-75A4-420B-AFE7-FD61F25F208F}"
EndProject
Global
	GlobalSection(SolutionConfigurationPlatforms) = preSolution
		Debug|Any CPU = Debug|Any CPU
		Release|Any CPU = Release|Any CPU
	EndGlobalSection
	GlobalSection(ProjectConfigurationPlatforms) = postSolution
		{C8BDFD35-75A4-420B-AFE7-FD61F25F208F}.Debug|Any CPU.ActiveCfg = Debug|Any CPU
		{C8BDFD35-75A4-420B-AFE7-FD61F25F208F}.Debug|Any CPU.Build.0 = Debug|Any CPU
		{C8BDFD35-75A4-420B-AFE7-FD61F25F208F}.Release|Any CPU.ActiveCfg = Release|Any CPU
		{C8BDFD35-75A4-420B-AFE7-FD61F25F208F}.Release|Any CPU.Build.0 = Release|Any CPU
	EndGlobalSection
	GlobalSection(SolutionProperties) = preSolution
		HideSolutionNode = FALSE
	EndGlobalSection
	GlobalSection(ExtensibilityGlobals) = postSolution
		SolutionGuid = {7162E188-10F0-44CC-AACB-A5FF8065654B}
	EndGlobalSection
EndGlobal
